
Terraform used the selected providers to generate the following execution
plan. Resource actions are indicated with the following symbols:
  + create

Terraform will perform the following actions:

  # aws_db_instance.main will be created
  + resource "aws_db_instance" "main" {
      + address                               = (known after apply)
      + allocated_storage                     = 20
      + apply_immediately                     = true
      + arn                                   = (known after apply)
      + auto_minor_version_upgrade            = true
      + availability_zone                     = (known after apply)
      + backup_retention_period               = 7
      + backup_window                         = "03:00-06:00"
      + ca_cert_identifier                    = (known after apply)
      + character_set_name                    = (known after apply)
      + copy_tags_to_snapshot                 = true
      + db_name                               = "db-developmemt-rds-instance"
      + db_subnet_group_name                  = "developmemt-db-sng"
      + delete_automated_backups              = true
      + deletion_protection                   = false
      + enabled_cloudwatch_logs_exports       = [
          + "audit",
          + "error",
          + "general",
          + "slowquery",
        ]
      + endpoint                              = (known after apply)
      + engine                                = "mysql"
      + engine_version                        = "8.0.27"
      + engine_version_actual                 = (known after apply)
      + hosted_zone_id                        = (known after apply)
      + id                                    = (known after apply)
      + identifier                            = "db-developmemt-rds-instance"
      + identifier_prefix                     = (known after apply)
      + instance_class                        = "db.t2.small"
      + iops                                  = (known after apply)
      + kms_key_id                            = (known after apply)
      + latest_restorable_time                = (known after apply)
      + license_model                         = (known after apply)
      + listener_endpoint                     = (known after apply)
      + maintenance_window                    = "mon:00:00-mon:03:00"
      + master_user_secret                    = (known after apply)
      + master_user_secret_kms_key_id         = (known after apply)
      + max_allocated_storage                 = 512
      + monitoring_interval                   = 0
      + monitoring_role_arn                   = (known after apply)
      + multi_az                              = false
      + name                                  = (known after apply)
      + nchar_character_set_name              = (known after apply)
      + network_type                          = (known after apply)
      + option_group_name                     = (known after apply)
      + parameter_group_name                  = "developmemt-mysql-db-pg"
      + password                              = (sensitive value)
      + performance_insights_enabled          = false
      + performance_insights_kms_key_id       = (known after apply)
      + performance_insights_retention_period = (known after apply)
      + port                                  = (known after apply)
      + publicly_accessible                   = false
      + replica_mode                          = (known after apply)
      + replicas                              = (known after apply)
      + resource_id                           = (known after apply)
      + skip_final_snapshot                   = false
      + snapshot_identifier                   = (known after apply)
      + status                                = (known after apply)
      + storage_encrypted                     = false
      + storage_throughput                    = (known after apply)
      + storage_type                          = (known after apply)
      + tags                                  = {
          + "Environment" = "developmemt"
        }
      + tags_all                              = {
          + "Environment" = "developmemt"
        }
      + timezone                              = (known after apply)
      + username                              = "admin"
      + vpc_security_group_ids                = (known after apply)
    }

  # aws_db_parameter_group.main_db_pg will be created
  + resource "aws_db_parameter_group" "main_db_pg" {
      + arn         = (known after apply)
      + description = "Managed by Terraform"
      + family      = "mysql8.0"
      + id          = (known after apply)
      + name        = "developmemt-mysql-db-pg"
      + name_prefix = (known after apply)
      + tags        = {
          + "Environment" = "developmemt"
        }
      + tags_all    = {
          + "Environment" = "developmemt"
        }
    }

  # aws_db_subnet_group.db_private_subnet_group will be created
  + resource "aws_db_subnet_group" "db_private_subnet_group" {
      + arn                     = (known after apply)
      + description             = "Managed by Terraform"
      + id                      = (known after apply)
      + name                    = "developmemt-db-sng"
      + name_prefix             = (known after apply)
      + subnet_ids              = (known after apply)
      + supported_network_types = (known after apply)
      + tags                    = {
          + "Environment" = "developmemt"
        }
      + tags_all                = {
          + "Environment" = "developmemt"
        }
      + vpc_id                  = (known after apply)
    }

  # aws_default_route_table.public will be created
  + resource "aws_default_route_table" "public" {
      + arn                    = (known after apply)
      + default_route_table_id = (known after apply)
      + id                     = (known after apply)
      + owner_id               = (known after apply)
      + route                  = [
          + {
              + cidr_block                 = "0.0.0.0/0"
              + core_network_arn           = ""
              + destination_prefix_list_id = ""
              + egress_only_gateway_id     = ""
              + gateway_id                 = (known after apply)
              + instance_id                = ""
              + ipv6_cidr_block            = ""
              + nat_gateway_id             = ""
              + network_interface_id       = ""
              + transit_gateway_id         = ""
              + vpc_endpoint_id            = ""
              + vpc_peering_connection_id  = ""
            },
        ]
      + tags                   = {
          + "Environment" = "developmemt"
          + "Name"        = "developmemt-public"
        }
      + tags_all               = {
          + "Environment" = "developmemt"
          + "Name"        = "developmemt-public"
        }
      + vpc_id                 = (known after apply)
    }

  # aws_ecs_cluster.ecs_cluster will be created
  + resource "aws_ecs_cluster" "ecs_cluster" {
      + arn                = (known after apply)
      + capacity_providers = (known after apply)
      + id                 = (known after apply)
      + name               = "developmemt-ecs"
      + tags               = {
          + "Environment" = "developmemt"
        }
      + tags_all           = {
          + "Environment" = "developmemt"
        }

      + default_capacity_provider_strategy {
          + base              = (known after apply)
          + capacity_provider = (known after apply)
          + weight            = (known after apply)
        }

      + setting {
          + name  = (known after apply)
          + value = (known after apply)
        }
    }

  # aws_eip.ngw_eip[0] will be created
  + resource "aws_eip" "ngw_eip" {
      + allocation_id        = (known after apply)
      + association_id       = (known after apply)
      + carrier_ip           = (known after apply)
      + customer_owned_ip    = (known after apply)
      + domain               = (known after apply)
      + id                   = (known after apply)
      + instance             = (known after apply)
      + network_border_group = (known after apply)
      + network_interface    = (known after apply)
      + private_dns          = (known after apply)
      + private_ip           = (known after apply)
      + public_dns           = (known after apply)
      + public_ip            = (known after apply)
      + public_ipv4_pool     = (known after apply)
      + tags_all             = (known after apply)
      + vpc                  = true
    }

  # aws_eip.ngw_eip[1] will be created
  + resource "aws_eip" "ngw_eip" {
      + allocation_id        = (known after apply)
      + association_id       = (known after apply)
      + carrier_ip           = (known after apply)
      + customer_owned_ip    = (known after apply)
      + domain               = (known after apply)
      + id                   = (known after apply)
      + instance             = (known after apply)
      + network_border_group = (known after apply)
      + network_interface    = (known after apply)
      + private_dns          = (known after apply)
      + private_ip           = (known after apply)
      + public_dns           = (known after apply)
      + public_ip            = (known after apply)
      + public_ipv4_pool     = (known after apply)
      + tags_all             = (known after apply)
      + vpc                  = true
    }

  # aws_eip.ngw_eip[2] will be created
  + resource "aws_eip" "ngw_eip" {
      + allocation_id        = (known after apply)
      + association_id       = (known after apply)
      + carrier_ip           = (known after apply)
      + customer_owned_ip    = (known after apply)
      + domain               = (known after apply)
      + id                   = (known after apply)
      + instance             = (known after apply)
      + network_border_group = (known after apply)
      + network_interface    = (known after apply)
      + private_dns          = (known after apply)
      + private_ip           = (known after apply)
      + public_dns           = (known after apply)
      + public_ip            = (known after apply)
      + public_ipv4_pool     = (known after apply)
      + tags_all             = (known after apply)
      + vpc                  = true
    }

  # aws_eip.ngw_eip[3] will be created
  + resource "aws_eip" "ngw_eip" {
      + allocation_id        = (known after apply)
      + association_id       = (known after apply)
      + carrier_ip           = (known after apply)
      + customer_owned_ip    = (known after apply)
      + domain               = (known after apply)
      + id                   = (known after apply)
      + instance             = (known after apply)
      + network_border_group = (known after apply)
      + network_interface    = (known after apply)
      + private_dns          = (known after apply)
      + private_ip           = (known after apply)
      + public_dns           = (known after apply)
      + public_ip            = (known after apply)
      + public_ipv4_pool     = (known after apply)
      + tags_all             = (known after apply)
      + vpc                  = true
    }

  # aws_internet_gateway.igw will be created
  + resource "aws_internet_gateway" "igw" {
      + arn      = (known after apply)
      + id       = (known after apply)
      + owner_id = (known after apply)
      + tags     = {
          + "Environment" = "developmemt"
          + "Name"        = "developmemt-IGW"
        }
      + tags_all = {
          + "Environment" = "developmemt"
          + "Name"        = "developmemt-IGW"
        }
      + vpc_id   = (known after apply)
    }

  # aws_lb.lb will be created
  + resource "aws_lb" "lb" {
      + arn                                         = (known after apply)
      + arn_suffix                                  = (known after apply)
      + desync_mitigation_mode                      = "defensive"
      + dns_name                                    = (known after apply)
      + drop_invalid_header_fields                  = true
      + enable_deletion_protection                  = false
      + enable_http2                                = true
      + enable_tls_version_and_cipher_suite_headers = false
      + enable_waf_fail_open                        = false
      + enable_xff_client_port                      = false
      + id                                          = (known after apply)
      + idle_timeout                                = 60
      + internal                                    = false
      + ip_address_type                             = (known after apply)
      + load_balancer_type                          = "application"
      + name                                        = "developmemt-lb"
      + preserve_host_header                        = false
      + security_groups                             = (known after apply)
      + subnets                                     = (known after apply)
      + tags                                        = {
          + "Environment" = "developmemt"
        }
      + tags_all                                    = {
          + "Environment" = "developmemt"
        }
      + vpc_id                                      = (known after apply)
      + xff_header_processing_mode                  = "append"
      + zone_id                                     = (known after apply)

      + subnet_mapping {
          + allocation_id        = (known after apply)
          + ipv6_address         = (known after apply)
          + outpost_id           = (known after apply)
          + private_ipv4_address = (known after apply)
          + subnet_id            = (known after apply)
        }
    }

  # aws_lb_listener.http_forward will be created
  + resource "aws_lb_listener" "http_forward" {
      + arn               = (known after apply)
      + id                = (known after apply)
      + load_balancer_arn = (known after apply)
      + port              = 80
      + protocol          = "HTTP"
      + ssl_policy        = (known after apply)
      + tags_all          = (known after apply)

      + default_action {
          + order            = (known after apply)
          + target_group_arn = (known after apply)
          + type             = "forward"
        }
    }

  # aws_lb_target_group.grafana_tg will be created
  + resource "aws_lb_target_group" "grafana_tg" {
      + arn                                = (known after apply)
      + arn_suffix                         = (known after apply)
      + connection_termination             = false
      + deregistration_delay               = "15"
      + id                                 = (known after apply)
      + ip_address_type                    = (known after apply)
      + lambda_multi_value_headers_enabled = false
      + load_balancing_algorithm_type      = (known after apply)
      + load_balancing_cross_zone_enabled  = (known after apply)
      + name                               = "developmemt-grafana-tg"
      + port                               = 3000
      + preserve_client_ip                 = (known after apply)
      + protocol                           = "HTTP"
      + protocol_version                   = (known after apply)
      + proxy_protocol_v2                  = false
      + slow_start                         = 0
      + tags                               = {
          + "Environment" = "developmemt"
        }
      + tags_all                           = {
          + "Environment" = "developmemt"
        }
      + target_type                        = "ip"
      + vpc_id                             = (known after apply)

      + health_check {
          + enabled             = true
          + healthy_threshold   = 2
          + interval            = 30
          + matcher             = "200"
          + path                = "/"
          + port                = "3000"
          + protocol            = "HTTP"
          + timeout             = 29
          + unhealthy_threshold = 5
        }

      + stickiness {
          + cookie_duration = 300
          + enabled         = false
          + type            = "lb_cookie"
        }

      + target_failover {
          + on_deregistration = (known after apply)
          + on_unhealthy      = (known after apply)
        }
    }

  # aws_nat_gateway.ngw[0] will be created
  + resource "aws_nat_gateway" "ngw" {
      + allocation_id        = (known after apply)
      + association_id       = (known after apply)
      + connectivity_type    = "public"
      + id                   = (known after apply)
      + network_interface_id = (known after apply)
      + private_ip           = (known after apply)
      + public_ip            = (known after apply)
      + subnet_id            = (known after apply)
      + tags                 = {
          + "Environment" = "developmemt"
          + "Name"        = "developmemt-NGW-0"
          + "az"          = "us-west-2a"
        }
      + tags_all             = {
          + "Environment" = "developmemt"
          + "Name"        = "developmemt-NGW-0"
          + "az"          = "us-west-2a"
        }
    }

  # aws_nat_gateway.ngw[1] will be created
  + resource "aws_nat_gateway" "ngw" {
      + allocation_id        = (known after apply)
      + association_id       = (known after apply)
      + connectivity_type    = "public"
      + id                   = (known after apply)
      + network_interface_id = (known after apply)
      + private_ip           = (known after apply)
      + public_ip            = (known after apply)
      + subnet_id            = (known after apply)
      + tags                 = {
          + "Environment" = "developmemt"
          + "Name"        = "developmemt-NGW-1"
          + "az"          = "us-west-2b"
        }
      + tags_all             = {
          + "Environment" = "developmemt"
          + "Name"        = "developmemt-NGW-1"
          + "az"          = "us-west-2b"
        }
    }

  # aws_nat_gateway.ngw[2] will be created
  + resource "aws_nat_gateway" "ngw" {
      + allocation_id        = (known after apply)
      + association_id       = (known after apply)
      + connectivity_type    = "public"
      + id                   = (known after apply)
      + network_interface_id = (known after apply)
      + private_ip           = (known after apply)
      + public_ip            = (known after apply)
      + subnet_id            = (known after apply)
      + tags                 = {
          + "Environment" = "developmemt"
          + "Name"        = "developmemt-NGW-2"
          + "az"          = "us-west-2c"
        }
      + tags_all             = {
          + "Environment" = "developmemt"
          + "Name"        = "developmemt-NGW-2"
          + "az"          = "us-west-2c"
        }
    }

  # aws_nat_gateway.ngw[3] will be created
  + resource "aws_nat_gateway" "ngw" {
      + allocation_id        = (known after apply)
      + association_id       = (known after apply)
      + connectivity_type    = "public"
      + id                   = (known after apply)
      + network_interface_id = (known after apply)
      + private_ip           = (known after apply)
      + public_ip            = (known after apply)
      + subnet_id            = (known after apply)
      + tags                 = {
          + "Environment" = "developmemt"
          + "Name"        = "developmemt-NGW-3"
          + "az"          = "us-west-2d"
        }
      + tags_all             = {
          + "Environment" = "developmemt"
          + "Name"        = "developmemt-NGW-3"
          + "az"          = "us-west-2d"
        }
    }

  # aws_route_table.private_route_table[0] will be created
  + resource "aws_route_table" "private_route_table" {
      + arn              = (known after apply)
      + id               = (known after apply)
      + owner_id         = (known after apply)
      + propagating_vgws = (known after apply)
      + route            = [
          + {
              + carrier_gateway_id         = ""
              + cidr_block                 = "0.0.0.0/0"
              + core_network_arn           = ""
              + destination_prefix_list_id = ""
              + egress_only_gateway_id     = ""
              + gateway_id                 = ""
              + instance_id                = ""
              + ipv6_cidr_block            = ""
              + local_gateway_id           = ""
              + nat_gateway_id             = (known after apply)
              + network_interface_id       = ""
              + transit_gateway_id         = ""
              + vpc_endpoint_id            = ""
              + vpc_peering_connection_id  = ""
            },
        ]
      + tags             = {
          + "Environment" = "developmemt"
          + "Name"        = "developmemt-private-0"
        }
      + tags_all         = {
          + "Environment" = "developmemt"
          + "Name"        = "developmemt-private-0"
        }
      + vpc_id           = (known after apply)
    }

  # aws_route_table.private_route_table[1] will be created
  + resource "aws_route_table" "private_route_table" {
      + arn              = (known after apply)
      + id               = (known after apply)
      + owner_id         = (known after apply)
      + propagating_vgws = (known after apply)
      + route            = [
          + {
              + carrier_gateway_id         = ""
              + cidr_block                 = "0.0.0.0/0"
              + core_network_arn           = ""
              + destination_prefix_list_id = ""
              + egress_only_gateway_id     = ""
              + gateway_id                 = ""
              + instance_id                = ""
              + ipv6_cidr_block            = ""
              + local_gateway_id           = ""
              + nat_gateway_id             = (known after apply)
              + network_interface_id       = ""
              + transit_gateway_id         = ""
              + vpc_endpoint_id            = ""
              + vpc_peering_connection_id  = ""
            },
        ]
      + tags             = {
          + "Environment" = "developmemt"
          + "Name"        = "developmemt-private-1"
        }
      + tags_all         = {
          + "Environment" = "developmemt"
          + "Name"        = "developmemt-private-1"
        }
      + vpc_id           = (known after apply)
    }

  # aws_route_table.private_route_table[2] will be created
  + resource "aws_route_table" "private_route_table" {
      + arn              = (known after apply)
      + id               = (known after apply)
      + owner_id         = (known after apply)
      + propagating_vgws = (known after apply)
      + route            = [
          + {
              + carrier_gateway_id         = ""
              + cidr_block                 = "0.0.0.0/0"
              + core_network_arn           = ""
              + destination_prefix_list_id = ""
              + egress_only_gateway_id     = ""
              + gateway_id                 = ""
              + instance_id                = ""
              + ipv6_cidr_block            = ""
              + local_gateway_id           = ""
              + nat_gateway_id             = (known after apply)
              + network_interface_id       = ""
              + transit_gateway_id         = ""
              + vpc_endpoint_id            = ""
              + vpc_peering_connection_id  = ""
            },
        ]
      + tags             = {
          + "Environment" = "developmemt"
          + "Name"        = "developmemt-private-2"
        }
      + tags_all         = {
          + "Environment" = "developmemt"
          + "Name"        = "developmemt-private-2"
        }
      + vpc_id           = (known after apply)
    }

  # aws_route_table.private_route_table[3] will be created
  + resource "aws_route_table" "private_route_table" {
      + arn              = (known after apply)
      + id               = (known after apply)
      + owner_id         = (known after apply)
      + propagating_vgws = (known after apply)
      + route            = [
          + {
              + carrier_gateway_id         = ""
              + cidr_block                 = "0.0.0.0/0"
              + core_network_arn           = ""
              + destination_prefix_list_id = ""
              + egress_only_gateway_id     = ""
              + gateway_id                 = ""
              + instance_id                = ""
              + ipv6_cidr_block            = ""
              + local_gateway_id           = ""
              + nat_gateway_id             = (known after apply)
              + network_interface_id       = ""
              + transit_gateway_id         = ""
              + vpc_endpoint_id            = ""
              + vpc_peering_connection_id  = ""
            },
        ]
      + tags             = {
          + "Environment" = "developmemt"
          + "Name"        = "developmemt-private-3"
        }
      + tags_all         = {
          + "Environment" = "developmemt"
          + "Name"        = "developmemt-private-3"
        }
      + vpc_id           = (known after apply)
    }

  # aws_route_table_association.private[0] will be created
  + resource "aws_route_table_association" "private" {
      + id             = (known after apply)
      + route_table_id = (known after apply)
      + subnet_id      = (known after apply)
    }

  # aws_route_table_association.private[1] will be created
  + resource "aws_route_table_association" "private" {
      + id             = (known after apply)
      + route_table_id = (known after apply)
      + subnet_id      = (known after apply)
    }

  # aws_route_table_association.private[2] will be created
  + resource "aws_route_table_association" "private" {
      + id             = (known after apply)
      + route_table_id = (known after apply)
      + subnet_id      = (known after apply)
    }

  # aws_route_table_association.private[3] will be created
  + resource "aws_route_table_association" "private" {
      + id             = (known after apply)
      + route_table_id = (known after apply)
      + subnet_id      = (known after apply)
    }

  # aws_route_table_association.public[0] will be created
  + resource "aws_route_table_association" "public" {
      + id             = (known after apply)
      + route_table_id = (known after apply)
      + subnet_id      = (known after apply)
    }

  # aws_route_table_association.public[1] will be created
  + resource "aws_route_table_association" "public" {
      + id             = (known after apply)
      + route_table_id = (known after apply)
      + subnet_id      = (known after apply)
    }

  # aws_route_table_association.public[2] will be created
  + resource "aws_route_table_association" "public" {
      + id             = (known after apply)
      + route_table_id = (known after apply)
      + subnet_id      = (known after apply)
    }

  # aws_route_table_association.public[3] will be created
  + resource "aws_route_table_association" "public" {
      + id             = (known after apply)
      + route_table_id = (known after apply)
      + subnet_id      = (known after apply)
    }

  # aws_secretsmanager_secret.db-pass will be created
  + resource "aws_secretsmanager_secret" "db-pass" {
      + arn                            = (known after apply)
      + force_overwrite_replica_secret = false
      + id                             = (known after apply)
      + name                           = "db-password-developmemt"
      + name_prefix                    = (known after apply)
      + policy                         = (known after apply)
      + recovery_window_in_days        = 30
      + rotation_enabled               = (known after apply)
      + rotation_lambda_arn            = (known after apply)
      + tags                           = {
          + "Environment" = "developmemt"
        }
      + tags_all                       = {
          + "Environment" = "developmemt"
        }

      + replica {
          + kms_key_id         = (known after apply)
          + last_accessed_date = (known after apply)
          + region             = (known after apply)
          + status             = (known after apply)
          + status_message     = (known after apply)
        }

      + rotation_rules {
          + automatically_after_days = (known after apply)
          + duration                 = (known after apply)
          + schedule_expression      = (known after apply)
        }
    }

  # aws_secretsmanager_secret_version.db-pass-val will be created
  + resource "aws_secretsmanager_secret_version" "db-pass-val" {
      + arn            = (known after apply)
      + id             = (known after apply)
      + secret_id      = (known after apply)
      + secret_string  = (sensitive value)
      + version_id     = (known after apply)
      + version_stages = (known after apply)
    }

  # aws_security_group.db_access will be created
  + resource "aws_security_group" "db_access" {
      + arn                    = (known after apply)
      + description            = "Allow Access to DB for private subnets"
      + egress                 = [
          + {
              + cidr_blocks      = [
                  + "0.0.0.0/0",
                ]
              + description      = ""
              + from_port        = 0
              + ipv6_cidr_blocks = []
              + prefix_list_ids  = []
              + protocol         = "-1"
              + security_groups  = []
              + self             = false
              + to_port          = 0
            },
        ]
      + id                     = (known after apply)
      + ingress                = [
          + {
              + cidr_blocks      = [
                  + "10.88.4.0/24",
                  + "10.88.5.0/24",
                  + "10.88.6.0/24",
                  + "10.88.7.0/24",
                ]
              + description      = "DB Access"
              + from_port        = 3306
              + ipv6_cidr_blocks = []
              + prefix_list_ids  = []
              + protocol         = "tcp"
              + security_groups  = []
              + self             = false
              + to_port          = 3306
            },
        ]
      + name                   = "developmemt-DB-SG"
      + name_prefix            = (known after apply)
      + owner_id               = (known after apply)
      + revoke_rules_on_delete = false
      + tags_all               = (known after apply)
      + vpc_id                 = (known after apply)
    }

  # aws_security_group.lb_sg will be created
  + resource "aws_security_group" "lb_sg" {
      + arn                    = (known after apply)
      + description            = "load balancer security group"
      + egress                 = [
          + {
              + cidr_blocks      = [
                  + "0.0.0.0/0",
                ]
              + description      = "default egress"
              + from_port        = 0
              + ipv6_cidr_blocks = []
              + prefix_list_ids  = []
              + protocol         = "-1"
              + security_groups  = []
              + self             = false
              + to_port          = 0
            },
        ]
      + id                     = (known after apply)
      + ingress                = [
          + {
              + cidr_blocks      = [
                  + "0.0.0.0/0",
                ]
              + description      = "Allow HTTP"
              + from_port        = 80
              + ipv6_cidr_blocks = []
              + prefix_list_ids  = []
              + protocol         = "tcp"
              + security_groups  = []
              + self             = false
              + to_port          = 80
            },
          + {
              + cidr_blocks      = [
                  + "0.0.0.0/0",
                ]
              + description      = "Allow HTTPS"
              + from_port        = 443
              + ipv6_cidr_blocks = []
              + prefix_list_ids  = []
              + protocol         = "tcp"
              + security_groups  = []
              + self             = false
              + to_port          = 443
            },
        ]
      + name                   = "developmemt-lb-sg"
      + name_prefix            = (known after apply)
      + owner_id               = (known after apply)
      + revoke_rules_on_delete = false
      + tags_all               = (known after apply)
      + vpc_id                 = (known after apply)
    }

  # aws_subnet.private_subnet[0] will be created
  + resource "aws_subnet" "private_subnet" {
      + arn                                            = (known after apply)
      + assign_ipv6_address_on_creation                = false
      + availability_zone                              = "us-west-2a"
      + availability_zone_id                           = (known after apply)
      + cidr_block                                     = "10.88.4.0/24"
      + enable_dns64                                   = false
      + enable_resource_name_dns_a_record_on_launch    = false
      + enable_resource_name_dns_aaaa_record_on_launch = false
      + id                                             = (known after apply)
      + ipv6_cidr_block_association_id                 = (known after apply)
      + ipv6_native                                    = false
      + map_public_ip_on_launch                        = false
      + owner_id                                       = (known after apply)
      + private_dns_hostname_type_on_launch            = (known after apply)
      + tags                                           = {
          + "Environment" = "developmemt"
          + "Name"        = "developmemt-private-subnet-0"
        }
      + tags_all                                       = {
          + "Environment" = "developmemt"
          + "Name"        = "developmemt-private-subnet-0"
        }
      + vpc_id                                         = (known after apply)
    }

  # aws_subnet.private_subnet[1] will be created
  + resource "aws_subnet" "private_subnet" {
      + arn                                            = (known after apply)
      + assign_ipv6_address_on_creation                = false
      + availability_zone                              = "us-west-2b"
      + availability_zone_id                           = (known after apply)
      + cidr_block                                     = "10.88.5.0/24"
      + enable_dns64                                   = false
      + enable_resource_name_dns_a_record_on_launch    = false
      + enable_resource_name_dns_aaaa_record_on_launch = false
      + id                                             = (known after apply)
      + ipv6_cidr_block_association_id                 = (known after apply)
      + ipv6_native                                    = false
      + map_public_ip_on_launch                        = false
      + owner_id                                       = (known after apply)
      + private_dns_hostname_type_on_launch            = (known after apply)
      + tags                                           = {
          + "Environment" = "developmemt"
          + "Name"        = "developmemt-private-subnet-1"
        }
      + tags_all                                       = {
          + "Environment" = "developmemt"
          + "Name"        = "developmemt-private-subnet-1"
        }
      + vpc_id                                         = (known after apply)
    }

  # aws_subnet.private_subnet[2] will be created
  + resource "aws_subnet" "private_subnet" {
      + arn                                            = (known after apply)
      + assign_ipv6_address_on_creation                = false
      + availability_zone                              = "us-west-2c"
      + availability_zone_id                           = (known after apply)
      + cidr_block                                     = "10.88.6.0/24"
      + enable_dns64                                   = false
      + enable_resource_name_dns_a_record_on_launch    = false
      + enable_resource_name_dns_aaaa_record_on_launch = false
      + id                                             = (known after apply)
      + ipv6_cidr_block_association_id                 = (known after apply)
      + ipv6_native                                    = false
      + map_public_ip_on_launch                        = false
      + owner_id                                       = (known after apply)
      + private_dns_hostname_type_on_launch            = (known after apply)
      + tags                                           = {
          + "Environment" = "developmemt"
          + "Name"        = "developmemt-private-subnet-2"
        }
      + tags_all                                       = {
          + "Environment" = "developmemt"
          + "Name"        = "developmemt-private-subnet-2"
        }
      + vpc_id                                         = (known after apply)
    }

  # aws_subnet.private_subnet[3] will be created
  + resource "aws_subnet" "private_subnet" {
      + arn                                            = (known after apply)
      + assign_ipv6_address_on_creation                = false
      + availability_zone                              = "us-west-2d"
      + availability_zone_id                           = (known after apply)
      + cidr_block                                     = "10.88.7.0/24"
      + enable_dns64                                   = false
      + enable_resource_name_dns_a_record_on_launch    = false
      + enable_resource_name_dns_aaaa_record_on_launch = false
      + id                                             = (known after apply)
      + ipv6_cidr_block_association_id                 = (known after apply)
      + ipv6_native                                    = false
      + map_public_ip_on_launch                        = false
      + owner_id                                       = (known after apply)
      + private_dns_hostname_type_on_launch            = (known after apply)
      + tags                                           = {
          + "Environment" = "developmemt"
          + "Name"        = "developmemt-private-subnet-3"
        }
      + tags_all                                       = {
          + "Environment" = "developmemt"
          + "Name"        = "developmemt-private-subnet-3"
        }
      + vpc_id                                         = (known after apply)
    }

  # aws_subnet.public_subnet[0] will be created
  + resource "aws_subnet" "public_subnet" {
      + arn                                            = (known after apply)
      + assign_ipv6_address_on_creation                = false
      + availability_zone                              = "us-west-2a"
      + availability_zone_id                           = (known after apply)
      + cidr_block                                     = "10.88.0.0/24"
      + enable_dns64                                   = false
      + enable_resource_name_dns_a_record_on_launch    = false
      + enable_resource_name_dns_aaaa_record_on_launch = false
      + id                                             = (known after apply)
      + ipv6_cidr_block_association_id                 = (known after apply)
      + ipv6_native                                    = false
      + map_public_ip_on_launch                        = true
      + owner_id                                       = (known after apply)
      + private_dns_hostname_type_on_launch            = (known after apply)
      + tags                                           = {
          + "Environment" = "developmemt"
          + "Name"        = "developmemt-public-subnet-0"
        }
      + tags_all                                       = {
          + "Environment" = "developmemt"
          + "Name"        = "developmemt-public-subnet-0"
        }
      + vpc_id                                         = (known after apply)
    }

  # aws_subnet.public_subnet[1] will be created
  + resource "aws_subnet" "public_subnet" {
      + arn                                            = (known after apply)
      + assign_ipv6_address_on_creation                = false
      + availability_zone                              = "us-west-2b"
      + availability_zone_id                           = (known after apply)
      + cidr_block                                     = "10.88.1.0/24"
      + enable_dns64                                   = false
      + enable_resource_name_dns_a_record_on_launch    = false
      + enable_resource_name_dns_aaaa_record_on_launch = false
      + id                                             = (known after apply)
      + ipv6_cidr_block_association_id                 = (known after apply)
      + ipv6_native                                    = false
      + map_public_ip_on_launch                        = true
      + owner_id                                       = (known after apply)
      + private_dns_hostname_type_on_launch            = (known after apply)
      + tags                                           = {
          + "Environment" = "developmemt"
          + "Name"        = "developmemt-public-subnet-1"
        }
      + tags_all                                       = {
          + "Environment" = "developmemt"
          + "Name"        = "developmemt-public-subnet-1"
        }
      + vpc_id                                         = (known after apply)
    }

  # aws_subnet.public_subnet[2] will be created
  + resource "aws_subnet" "public_subnet" {
      + arn                                            = (known after apply)
      + assign_ipv6_address_on_creation                = false
      + availability_zone                              = "us-west-2c"
      + availability_zone_id                           = (known after apply)
      + cidr_block                                     = "10.88.2.0/24"
      + enable_dns64                                   = false
      + enable_resource_name_dns_a_record_on_launch    = false
      + enable_resource_name_dns_aaaa_record_on_launch = false
      + id                                             = (known after apply)
      + ipv6_cidr_block_association_id                 = (known after apply)
      + ipv6_native                                    = false
      + map_public_ip_on_launch                        = true
      + owner_id                                       = (known after apply)
      + private_dns_hostname_type_on_launch            = (known after apply)
      + tags                                           = {
          + "Environment" = "developmemt"
          + "Name"        = "developmemt-public-subnet-2"
        }
      + tags_all                                       = {
          + "Environment" = "developmemt"
          + "Name"        = "developmemt-public-subnet-2"
        }
      + vpc_id                                         = (known after apply)
    }

  # aws_subnet.public_subnet[3] will be created
  + resource "aws_subnet" "public_subnet" {
      + arn                                            = (known after apply)
      + assign_ipv6_address_on_creation                = false
      + availability_zone                              = "us-west-2d"
      + availability_zone_id                           = (known after apply)
      + cidr_block                                     = "10.88.3.0/24"
      + enable_dns64                                   = false
      + enable_resource_name_dns_a_record_on_launch    = false
      + enable_resource_name_dns_aaaa_record_on_launch = false
      + id                                             = (known after apply)
      + ipv6_cidr_block_association_id                 = (known after apply)
      + ipv6_native                                    = false
      + map_public_ip_on_launch                        = true
      + owner_id                                       = (known after apply)
      + private_dns_hostname_type_on_launch            = (known after apply)
      + tags                                           = {
          + "Environment" = "developmemt"
          + "Name"        = "developmemt-public-subnet-3"
        }
      + tags_all                                       = {
          + "Environment" = "developmemt"
          + "Name"        = "developmemt-public-subnet-3"
        }
      + vpc_id                                         = (known after apply)
    }

  # aws_vpc.main will be created
  + resource "aws_vpc" "main" {
      + arn                                  = (known after apply)
      + cidr_block                           = "10.88.0.0/16"
      + default_network_acl_id               = (known after apply)
      + default_route_table_id               = (known after apply)
      + default_security_group_id            = (known after apply)
      + dhcp_options_id                      = (known after apply)
      + enable_classiclink                   = (known after apply)
      + enable_classiclink_dns_support       = (known after apply)
      + enable_dns_hostnames                 = true
      + enable_dns_support                   = true
      + enable_network_address_usage_metrics = (known after apply)
      + id                                   = (known after apply)
      + instance_tenancy                     = "default"
      + ipv6_association_id                  = (known after apply)
      + ipv6_cidr_block                      = (known after apply)
      + ipv6_cidr_block_network_border_group = (known after apply)
      + main_route_table_id                  = (known after apply)
      + owner_id                             = (known after apply)
      + tags_all                             = (known after apply)
    }

  # random_password.db_master_pass will be created
  + resource "random_password" "db_master_pass" {
      + bcrypt_hash      = (sensitive value)
      + id               = (known after apply)
      + keepers          = {
          + "pass_version" = "1"
        }
      + length           = 20
      + lower            = true
      + min_lower        = 0
      + min_numeric      = 0
      + min_special      = 5
      + min_upper        = 0
      + number           = true
      + numeric          = true
      + override_special = "!#$%^&*()-_=+[]{}<>:?"
      + result           = (sensitive value)
      + special          = true
      + upper            = true
    }

  # module.grafana_service.aws_ecs_service.grafana will be created
  + resource "aws_ecs_service" "grafana" {
      + cluster                            = (known after apply)
      + deployment_maximum_percent         = 200
      + deployment_minimum_healthy_percent = 100
      + desired_count                      = 1
      + enable_ecs_managed_tags            = false
      + enable_execute_command             = true
      + iam_role                           = (known after apply)
      + id                                 = (known after apply)
      + launch_type                        = "FARGATE"
      + name                               = "developmemt-grafana-service-v1"
      + platform_version                   = (known after apply)
      + scheduling_strategy                = "REPLICA"
      + tags                               = {
          + "Environment" = "developmemt"
        }
      + tags_all                           = {
          + "Environment" = "developmemt"
        }
      + task_definition                    = (known after apply)
      + triggers                           = (known after apply)
      + wait_for_steady_state              = false

      + load_balancer {
          + container_name   = "developmemt-grafana"
          + container_port   = 3000
          + target_group_arn = (known after apply)
        }

      + network_configuration {
          + assign_public_ip = false
          + security_groups  = (known after apply)
          + subnets          = (known after apply)
        }
    }

  # module.grafana_service.aws_ecs_task_definition.grafana_definition will be created
  + resource "aws_ecs_task_definition" "grafana_definition" {
      + arn                      = (known after apply)
      + arn_without_revision     = (known after apply)
      + container_definitions    = (known after apply)
      + cpu                      = "2048"
      + execution_role_arn       = (known after apply)
      + family                   = "developmemt-grafana"
      + id                       = (known after apply)
      + memory                   = "4096"
      + network_mode             = "awsvpc"
      + requires_compatibilities = [
          + "FARGATE",
        ]
      + revision                 = (known after apply)
      + skip_destroy             = false
      + tags                     = {
          + "Environment" = "developmemt"
        }
      + tags_all                 = {
          + "Environment" = "developmemt"
        }
      + task_role_arn            = (known after apply)
    }

  # module.grafana_service.aws_iam_role.ecs_task_execution_role will be created
  + resource "aws_iam_role" "ecs_task_execution_role" {
      + arn                   = (known after apply)
      + assume_role_policy    = jsonencode(
            {
              + Statement = [
                  + {
                      + Action    = "sts:AssumeRole"
                      + Effect    = "Allow"
                      + Principal = {
                          + Service = "ecs-tasks.amazonaws.com"
                        }
                      + Sid       = ""
                    },
                ]
              + Version   = "2012-10-17"
            }
        )
      + create_date           = (known after apply)
      + force_detach_policies = false
      + id                    = (known after apply)
      + managed_policy_arns   = (known after apply)
      + max_session_duration  = 3600
      + name                  = "developmemt-grafana-execution-role"
      + name_prefix           = (known after apply)
      + path                  = "/"
      + role_last_used        = (known after apply)
      + tags_all              = (known after apply)
      + unique_id             = (known after apply)

      + inline_policy {
          + name   = (known after apply)
          + policy = (known after apply)
        }
    }

  # module.grafana_service.aws_iam_role.ecs_task_role will be created
  + resource "aws_iam_role" "ecs_task_role" {
      + arn                   = (known after apply)
      + assume_role_policy    = jsonencode(
            {
              + Statement = [
                  + {
                      + Action    = "sts:AssumeRole"
                      + Effect    = "Allow"
                      + Principal = {
                          + Service = "ecs-tasks.amazonaws.com"
                        }
                      + Sid       = ""
                    },
                ]
              + Version   = "2012-10-17"
            }
        )
      + create_date           = (known after apply)
      + force_detach_policies = false
      + id                    = (known after apply)
      + managed_policy_arns   = (known after apply)
      + max_session_duration  = 3600
      + name                  = "developmemt-grafana-task-role"
      + name_prefix           = (known after apply)
      + path                  = "/"
      + role_last_used        = (known after apply)
      + tags_all              = (known after apply)
      + unique_id             = (known after apply)

      + inline_policy {
          + name   = (known after apply)
          + policy = (known after apply)
        }
    }

  # module.grafana_service.aws_iam_role_policy_attachment.ecs-task-execution-role-policy-attachment will be created
  + resource "aws_iam_role_policy_attachment" "ecs-task-execution-role-policy-attachment" {
      + id         = (known after apply)
      + policy_arn = "arn:aws:iam::aws:policy/service-role/AmazonECSTaskExecutionRolePolicy"
      + role       = "developmemt-grafana-execution-role"
    }

  # module.grafana_service.aws_iam_role_policy_attachment.ecs-task-role-role-policy-attachment will be created
  + resource "aws_iam_role_policy_attachment" "ecs-task-role-role-policy-attachment" {
      + id         = (known after apply)
      + policy_arn = "arn:aws:iam::aws:policy/service-role/AmazonECSTaskExecutionRolePolicy"
      + role       = "developmemt-grafana-task-role"
    }

  # module.grafana_service.aws_lb_target_group.grafana_tg will be created
  + resource "aws_lb_target_group" "grafana_tg" {
      + arn                                = (known after apply)
      + arn_suffix                         = (known after apply)
      + connection_termination             = false
      + deregistration_delay               = "15"
      + id                                 = (known after apply)
      + ip_address_type                    = (known after apply)
      + lambda_multi_value_headers_enabled = false
      + load_balancing_algorithm_type      = (known after apply)
      + load_balancing_cross_zone_enabled  = (known after apply)
      + name                               = "developmemt-grafana-tg"
      + port                               = 3000
      + preserve_client_ip                 = (known after apply)
      + protocol                           = "HTTP"
      + protocol_version                   = (known after apply)
      + proxy_protocol_v2                  = false
      + slow_start                         = 0
      + tags                               = {
          + "Environment" = "developmemt"
        }
      + tags_all                           = {
          + "Environment" = "developmemt"
        }
      + target_type                        = "ip"
      + vpc_id                             = (known after apply)

      + health_check {
          + enabled             = true
          + healthy_threshold   = 2
          + interval            = 30
          + matcher             = "200"
          + path                = "/"
          + port                = "3000"
          + protocol            = "HTTP"
          + timeout             = 29
          + unhealthy_threshold = 5
        }

      + stickiness {
          + cookie_duration = 300
          + enabled         = false
          + type            = "lb_cookie"
        }

      + target_failover {
          + on_deregistration = (known after apply)
          + on_unhealthy      = (known after apply)
        }
    }

  # module.grafana_service.aws_security_group.grafana_sg will be created
  + resource "aws_security_group" "grafana_sg" {
      + arn                    = (known after apply)
      + description            = "load balancer security group"
      + egress                 = [
          + {
              + cidr_blocks      = [
                  + "0.0.0.0/0",
                ]
              + description      = "default egress"
              + from_port        = 0
              + ipv6_cidr_blocks = []
              + prefix_list_ids  = []
              + protocol         = "-1"
              + security_groups  = []
              + self             = false
              + to_port          = 0
            },
        ]
      + id                     = (known after apply)
      + ingress                = [
          + {
              + cidr_blocks      = []
              + description      = "Allow HTTP"
              + from_port        = 3000
              + ipv6_cidr_blocks = []
              + prefix_list_ids  = []
              + protocol         = "tcp"
              + security_groups  = (known after apply)
              + self             = false
              + to_port          = 3000
            },
        ]
      + name                   = "developmemt-grafana-sg"
      + name_prefix            = (known after apply)
      + owner_id               = (known after apply)
      + revoke_rules_on_delete = false
      + tags_all               = (known after apply)
      + vpc_id                 = (known after apply)
    }

Plan: 51 to add, 0 to change, 0 to destroy.
